// !$*UTF8*$!
{
	archiveVersion = 1;
	classes = {
	};
	objectVersion = 46;
	objects = {

/* Begin PBXBuildFile section */
		080880471E2841D800D22074 /* Default-568h@2x.png in Resources */ = {isa = PBXBuildFile; fileRef = 080880461E2841D800D22074 /* Default-568h@2x.png */; };
		08453B8A1E1426C5001CAACB /* AppDelegate.swift in Sources */ = {isa = PBXBuildFile; fileRef = 08453B891E1426C5001CAACB /* AppDelegate.swift */; };
		08453B8C1E1426C5001CAACB /* ViewController.swift in Sources */ = {isa = PBXBuildFile; fileRef = 08453B8B1E1426C5001CAACB /* ViewController.swift */; };
		08453B8F1E1426C5001CAACB /* Main.storyboard in Resources */ = {isa = PBXBuildFile; fileRef = 08453B8D1E1426C5001CAACB /* Main.storyboard */; };
		08453B911E1426C5001CAACB /* Assets.xcassets in Resources */ = {isa = PBXBuildFile; fileRef = 08453B901E1426C5001CAACB /* Assets.xcassets */; };
		08453B941E1426C5001CAACB /* LaunchScreen.storyboard in Resources */ = {isa = PBXBuildFile; fileRef = 08453B921E1426C5001CAACB /* LaunchScreen.storyboard */; };
		0849C3701E15256D00031FF1 /* HelpViewController.swift in Sources */ = {isa = PBXBuildFile; fileRef = 0849C36F1E15256D00031FF1 /* HelpViewController.swift */; };
		0849C3751E18151E00031FF1 /* code.png in Resources */ = {isa = PBXBuildFile; fileRef = 0849C3741E18151E00031FF1 /* code.png */; };
		08CBE51D1E23FB8700C91B02 /* TextSelectionViewController.swift in Sources */ = {isa = PBXBuildFile; fileRef = 08CBE51C1E23FB8700C91B02 /* TextSelectionViewController.swift */; };
		08EB1C571E14293A00311E23 /* PasteView.swift in Sources */ = {isa = PBXBuildFile; fileRef = 08EB1C561E14293A00311E23 /* PasteView.swift */; };
		77E07E471E6C85C08E23F3C8 /* Pods_PasteBin.framework in Frameworks */ = {isa = PBXBuildFile; fileRef = 4E72A0797AC270D9771EB4A8 /* Pods_PasteBin.framework */; };
		AF1D5D712074AA1B00C397A8 /* SyntaxLibraries.swift in Sources */ = {isa = PBXBuildFile; fileRef = AF1D5D702074AA1A00C397A8 /* SyntaxLibraries.swift */; };
		AF1D5D7320752FC300C397A8 /* PastebinHelper.swift in Sources */ = {isa = PBXBuildFile; fileRef = AF1D5D7220752FC300C397A8 /* PastebinHelper.swift */; };
		AF44201620BE7F4B0065776D /* MasterOptionsViewController.swift in Sources */ = {isa = PBXBuildFile; fileRef = AF44201520BE7F4B0065776D /* MasterOptionsViewController.swift */; };
		AF4C67972063A482003EF09C /* SyntaxSelectViewController.storyboard in Resources */ = {isa = PBXBuildFile; fileRef = AF4C67952063A196003EF09C /* SyntaxSelectViewController.storyboard */; };
		AFEDDBD320B7E0BA00F1BE89 /* HistoryViewController.swift in Sources */ = {isa = PBXBuildFile; fileRef = AFEDDBD220B7E0BA00F1BE89 /* HistoryViewController.swift */; };
		AFEDDBD520B9485600F1BE89 /* NewOptionsViewController.swift in Sources */ = {isa = PBXBuildFile; fileRef = AFEDDBD420B9485600F1BE89 /* NewOptionsViewController.swift */; };
		CC81D8DDB92B74FC44610C8D /* SyntaxSelectViewController.swift in Sources */ = {isa = PBXBuildFile; fileRef = CC81D0900A18D20A8C8ADF3E /* SyntaxSelectViewController.swift */; };
/* End PBXBuildFile section */

/* Begin PBXFileReference section */
		080880461E2841D800D22074 /* Default-568h@2x.png */ = {isa = PBXFileReference; lastKnownFileType = image.png; path = "Default-568h@2x.png"; sourceTree = "<group>"; };
		08453B891E1426C5001CAACB /* AppDelegate.swift */ = {isa = PBXFileReference; lastKnownFileType = sourcecode.swift; path = AppDelegate.swift; sourceTree = "<group>"; };
		08453B8B1E1426C5001CAACB /* ViewController.swift */ = {isa = PBXFileReference; lastKnownFileType = sourcecode.swift; path = ViewController.swift; sourceTree = "<group>"; };
		08453B8E1E1426C5001CAACB /* Base */ = {isa = PBXFileReference; lastKnownFileType = file.storyboard; name = Base; path = Base.lproj/Main.storyboard; sourceTree = "<group>"; };
		08453B901E1426C5001CAACB /* Assets.xcassets */ = {isa = PBXFileReference; lastKnownFileType = folder.assetcatalog; path = Assets.xcassets; sourceTree = "<group>"; };
		08453B931E1426C5001CAACB /* Base */ = {isa = PBXFileReference; lastKnownFileType = file.storyboard; name = Base; path = Base.lproj/LaunchScreen.storyboard; sourceTree = "<group>"; };
		08453B951E1426C5001CAACB /* Info.plist */ = {isa = PBXFileReference; lastKnownFileType = text.plist.xml; path = Info.plist; sourceTree = "<group>"; };
		0845F85B205EF7A1000C9BF3 /* PasteBin.app */ = {isa = PBXFileReference; explicitFileType = wrapper.application; includeInIndex = 0; path = PasteBin.app; sourceTree = BUILT_PRODUCTS_DIR; };
		0849C36F1E15256D00031FF1 /* HelpViewController.swift */ = {isa = PBXFileReference; fileEncoding = 4; lastKnownFileType = sourcecode.swift; path = HelpViewController.swift; sourceTree = "<group>"; };
		0849C3741E18151E00031FF1 /* code.png */ = {isa = PBXFileReference; lastKnownFileType = image.png; path = code.png; sourceTree = "<group>"; };
		08CBE51C1E23FB8700C91B02 /* TextSelectionViewController.swift */ = {isa = PBXFileReference; fileEncoding = 4; lastKnownFileType = sourcecode.swift; path = TextSelectionViewController.swift; sourceTree = "<group>"; };
		08EB1C561E14293A00311E23 /* PasteView.swift */ = {isa = PBXFileReference; fileEncoding = 4; lastKnownFileType = sourcecode.swift; path = PasteView.swift; sourceTree = "<group>"; };
		4E72A0797AC270D9771EB4A8 /* Pods_PasteBin.framework */ = {isa = PBXFileReference; explicitFileType = wrapper.framework; includeInIndex = 0; path = Pods_PasteBin.framework; sourceTree = BUILT_PRODUCTS_DIR; };
		5380EFA9631E62426C24166D /* Pods-PasteBin.debug.xcconfig */ = {isa = PBXFileReference; includeInIndex = 1; lastKnownFileType = text.xcconfig; name = "Pods-PasteBin.debug.xcconfig"; path = "Pods/Target Support Files/Pods-PasteBin/Pods-PasteBin.debug.xcconfig"; sourceTree = "<group>"; };
		7D4F8CD64B66790F0F833899 /* Pods-PasteBin.release.xcconfig */ = {isa = PBXFileReference; includeInIndex = 1; lastKnownFileType = text.xcconfig; name = "Pods-PasteBin.release.xcconfig"; path = "Pods/Target Support Files/Pods-PasteBin/Pods-PasteBin.release.xcconfig"; sourceTree = "<group>"; };
		AF1D5D702074AA1A00C397A8 /* SyntaxLibraries.swift */ = {isa = PBXFileReference; lastKnownFileType = sourcecode.swift; path = SyntaxLibraries.swift; sourceTree = "<group>"; };
		AF1D5D7220752FC300C397A8 /* PastebinHelper.swift */ = {isa = PBXFileReference; lastKnownFileType = sourcecode.swift; path = PastebinHelper.swift; sourceTree = "<group>"; };
		AF44201520BE7F4B0065776D /* MasterOptionsViewController.swift */ = {isa = PBXFileReference; lastKnownFileType = sourcecode.swift; path = MasterOptionsViewController.swift; sourceTree = "<group>"; };
		AF4C67952063A196003EF09C /* SyntaxSelectViewController.storyboard */ = {isa = PBXFileReference; lastKnownFileType = file.storyboard; path = SyntaxSelectViewController.storyboard; sourceTree = "<group>"; };
		AFEDDBD220B7E0BA00F1BE89 /* HistoryViewController.swift */ = {isa = PBXFileReference; lastKnownFileType = sourcecode.swift; path = HistoryViewController.swift; sourceTree = "<group>"; };
		AFEDDBD420B9485600F1BE89 /* NewOptionsViewController.swift */ = {isa = PBXFileReference; lastKnownFileType = sourcecode.swift; path = NewOptionsViewController.swift; sourceTree = "<group>"; };
		CC81D0900A18D20A8C8ADF3E /* SyntaxSelectViewController.swift */ = {isa = PBXFileReference; fileEncoding = 4; lastKnownFileType = sourcecode.swift; path = SyntaxSelectViewController.swift; sourceTree = "<group>"; };
/* End PBXFileReference section */

/* Begin PBXFrameworksBuildPhase section */
		08453B831E1426C4001CAACB /* Frameworks */ = {
			isa = PBXFrameworksBuildPhase;
			buildActionMask = 2147483647;
			files = (
				77E07E471E6C85C08E23F3C8 /* Pods_PasteBin.framework in Frameworks */,
			);
			runOnlyForDeploymentPostprocessing = 0;
		};
/* End PBXFrameworksBuildPhase section */

/* Begin PBXGroup section */
		08453B7D1E1426C4001CAACB = {
			isa = PBXGroup;
			children = (
				080880461E2841D800D22074 /* Default-568h@2x.png */,
				08453B881E1426C5001CAACB /* PasteBin */,
				8D706E845AEFDA62CB0345C7 /* Pods */,
				84A1158263166637D30E6234 /* Frameworks */,
				0845F85B205EF7A1000C9BF3 /* PasteBin.app */,
			);
			sourceTree = "<group>";
		};
		08453B881E1426C5001CAACB /* PasteBin */ = {
			isa = PBXGroup;
			children = (
				AF0C478620B00A3500F378E9 /* Supporting Files */,
				0849C3711E155E6200031FF1 /* ViewControllers */,
				08453B891E1426C5001CAACB /* AppDelegate.swift */,
				08453B8D1E1426C5001CAACB /* Main.storyboard */,
				AF4C67952063A196003EF09C /* SyntaxSelectViewController.storyboard */,
				08453B901E1426C5001CAACB /* Assets.xcassets */,
				08453B921E1426C5001CAACB /* LaunchScreen.storyboard */,
				08453B951E1426C5001CAACB /* Info.plist */,
			);
			path = PasteBin;
			sourceTree = "<group>";
		};
		0849C3711E155E6200031FF1 /* ViewControllers */ = {
			isa = PBXGroup;
			children = (
				08CBE51C1E23FB8700C91B02 /* TextSelectionViewController.swift */,
				08453B8B1E1426C5001CAACB /* ViewController.swift */,
				0849C36F1E15256D00031FF1 /* HelpViewController.swift */,
				08EB1C561E14293A00311E23 /* PasteView.swift */,
				CC81D0900A18D20A8C8ADF3E /* SyntaxSelectViewController.swift */,
				AF1D5D702074AA1A00C397A8 /* SyntaxLibraries.swift */,
				AF1D5D7220752FC300C397A8 /* PastebinHelper.swift */,
				AFEDDBD220B7E0BA00F1BE89 /* HistoryViewController.swift */,
				AFEDDBD420B9485600F1BE89 /* NewOptionsViewController.swift */,
				AF44201520BE7F4B0065776D /* MasterOptionsViewController.swift */,
			);
			name = ViewControllers;
			sourceTree = "<group>";
		};
		84A1158263166637D30E6234 /* Frameworks */ = {
			isa = PBXGroup;
			children = (
				4E72A0797AC270D9771EB4A8 /* Pods_PasteBin.framework */,
			);
			name = Frameworks;
			sourceTree = "<group>";
		};
		8D706E845AEFDA62CB0345C7 /* Pods */ = {
			isa = PBXGroup;
			children = (
				5380EFA9631E62426C24166D /* Pods-PasteBin.debug.xcconfig */,
				7D4F8CD64B66790F0F833899 /* Pods-PasteBin.release.xcconfig */,
			);
			name = Pods;
			sourceTree = "<group>";
		};
		AF0C478620B00A3500F378E9 /* Supporting Files */ = {
			isa = PBXGroup;
			children = (
				0849C3741E18151E00031FF1 /* code.png */,
			);
			name = "Supporting Files";
			sourceTree = "<group>";
		};
/* End PBXGroup section */

/* Begin PBXNativeTarget section */
		08453B851E1426C4001CAACB /* PasteBin */ = {
			isa = PBXNativeTarget;
			buildConfigurationList = 08453B981E1426C5001CAACB /* Build configuration list for PBXNativeTarget "PasteBin" */;
			buildPhases = (
				B0E501227953C6117B8233EE /* [CP] Check Pods Manifest.lock */,
				08453B821E1426C4001CAACB /* Sources */,
				08453B831E1426C4001CAACB /* Frameworks */,
				08453B841E1426C4001CAACB /* Resources */,
				20DA681D284C8465817BFF3A /* [CP] Embed Pods Frameworks */,
			);
			buildRules = (
			);
			dependencies = (
			);
			name = PasteBin;
			productName = PasteBin;
			productReference = 0845F85B205EF7A1000C9BF3 /* PasteBin.app */;
			productType = "com.apple.product-type.application";
		};
/* End PBXNativeTarget section */

/* Begin PBXProject section */
		08453B7E1E1426C4001CAACB /* Project object */ = {
			isa = PBXProject;
			attributes = {
				LastSwiftUpdateCheck = 0820;
				LastUpgradeCheck = 1000;
				ORGANIZATIONNAME = "JonLuca De Caro";
				TargetAttributes = {
					08453B851E1426C4001CAACB = {
						CreatedOnToolsVersion = 8.2;
						DevelopmentTeam = F35YQQ5672;
						LastSwiftMigration = 1000;
						ProvisioningStyle = Automatic;
					};
				};
			};
			buildConfigurationList = 08453B811E1426C4001CAACB /* Build configuration list for PBXProject "PasteBin" */;
			compatibilityVersion = "Xcode 3.2";
			developmentRegion = English;
			hasScannedForEncodings = 0;
			knownRegions = (
				en,
				Base,
			);
			mainGroup = 08453B7D1E1426C4001CAACB;
			productRefGroup = 08453B7D1E1426C4001CAACB;
			projectDirPath = "";
			projectRoot = "";
			targets = (
				08453B851E1426C4001CAACB /* PasteBin */,
			);
		};
/* End PBXProject section */

/* Begin PBXResourcesBuildPhase section */
		08453B841E1426C4001CAACB /* Resources */ = {
			isa = PBXResourcesBuildPhase;
			buildActionMask = 2147483647;
			files = (
				AF4C67972063A482003EF09C /* SyntaxSelectViewController.storyboard in Resources */,
				0849C3751E18151E00031FF1 /* code.png in Resources */,
				08453B941E1426C5001CAACB /* LaunchScreen.storyboard in Resources */,
				08453B911E1426C5001CAACB /* Assets.xcassets in Resources */,
				08453B8F1E1426C5001CAACB /* Main.storyboard in Resources */,
				080880471E2841D800D22074 /* Default-568h@2x.png in Resources */,
			);
			runOnlyForDeploymentPostprocessing = 0;
		};
/* End PBXResourcesBuildPhase section */

/* Begin PBXShellScriptBuildPhase section */
		20DA681D284C8465817BFF3A /* [CP] Embed Pods Frameworks */ = {
			isa = PBXShellScriptBuildPhase;
			buildActionMask = 2147483647;
			files = (
			);
			inputPaths = (
				"${PODS_ROOT}/Target Support Files/Pods-PasteBin/Pods-PasteBin-frameworks.sh",
				"${BUILT_PRODUCTS_DIR}/AFNetworking/AFNetworking.framework",
				"${BUILT_PRODUCTS_DIR}/Highlightr/Highlightr.framework",
				"${BUILT_PRODUCTS_DIR}/SearchTextField/SearchTextField.framework",
			);
			name = "[CP] Embed Pods Frameworks";
			outputPaths = (
				"${TARGET_BUILD_DIR}/${FRAMEWORKS_FOLDER_PATH}/AFNetworking.framework",
				"${TARGET_BUILD_DIR}/${FRAMEWORKS_FOLDER_PATH}/Highlightr.framework",
				"${TARGET_BUILD_DIR}/${FRAMEWORKS_FOLDER_PATH}/SearchTextField.framework",
			);
			runOnlyForDeploymentPostprocessing = 0;
			shellPath = /bin/sh;
			shellScript = "\"${PODS_ROOT}/Target Support Files/Pods-PasteBin/Pods-PasteBin-frameworks.sh\"\n";
			showEnvVarsInLog = 0;
		};
		B0E501227953C6117B8233EE /* [CP] Check Pods Manifest.lock */ = {
			isa = PBXShellScriptBuildPhase;
			buildActionMask = 2147483647;
			files = (
			);
			inputPaths = (
				"${PODS_PODFILE_DIR_PATH}/Podfile.lock",
				"${PODS_ROOT}/Manifest.lock",
			);
			name = "[CP] Check Pods Manifest.lock";
			outputPaths = (
				"$(DERIVED_FILE_DIR)/Pods-PasteBin-checkManifestLockResult.txt",
			);
			runOnlyForDeploymentPostprocessing = 0;
			shellPath = /bin/sh;
			shellScript = "diff \"${PODS_PODFILE_DIR_PATH}/Podfile.lock\" \"${PODS_ROOT}/Manifest.lock\" > /dev/null\nif [ $? != 0 ] ; then\n    # print error to STDERR\n    echo \"error: The sandbox is not in sync with the Podfile.lock. Run 'pod install' or update your CocoaPods installation.\" >&2\n    exit 1\nfi\n# This output is used by Xcode 'outputs' to avoid re-running this script phase.\necho \"SUCCESS\" > \"${SCRIPT_OUTPUT_FILE_0}\"\n";
			showEnvVarsInLog = 0;
		};
/* End PBXShellScriptBuildPhase section */

/* Begin PBXSourcesBuildPhase section */
		08453B821E1426C4001CAACB /* Sources */ = {
			isa = PBXSourcesBuildPhase;
			buildActionMask = 2147483647;
			files = (
				AF44201620BE7F4B0065776D /* MasterOptionsViewController.swift in Sources */,
				AFEDDBD520B9485600F1BE89 /* NewOptionsViewController.swift in Sources */,
				08EB1C571E14293A00311E23 /* PasteView.swift in Sources */,
				08453B8C1E1426C5001CAACB /* ViewController.swift in Sources */,
				AFEDDBD320B7E0BA00F1BE89 /* HistoryViewController.swift in Sources */,
				08453B8A1E1426C5001CAACB /* AppDelegate.swift in Sources */,
				0849C3701E15256D00031FF1 /* HelpViewController.swift in Sources */,
				AF1D5D712074AA1B00C397A8 /* SyntaxLibraries.swift in Sources */,
				08CBE51D1E23FB8700C91B02 /* TextSelectionViewController.swift in Sources */,
				CC81D8DDB92B74FC44610C8D /* SyntaxSelectViewController.swift in Sources */,
				AF1D5D7320752FC300C397A8 /* PastebinHelper.swift in Sources */,
			);
			runOnlyForDeploymentPostprocessing = 0;
		};
/* End PBXSourcesBuildPhase section */

/* Begin PBXVariantGroup section */
		08453B8D1E1426C5001CAACB /* Main.storyboard */ = {
			isa = PBXVariantGroup;
			children = (
				08453B8E1E1426C5001CAACB /* Base */,
			);
			name = Main.storyboard;
			sourceTree = "<group>";
		};
		08453B921E1426C5001CAACB /* LaunchScreen.storyboard */ = {
			isa = PBXVariantGroup;
			children = (
				08453B931E1426C5001CAACB /* Base */,
			);
			name = LaunchScreen.storyboard;
			sourceTree = "<group>";
		};
/* End PBXVariantGroup section */

/* Begin XCBuildConfiguration section */
		08453B961E1426C5001CAACB /* Debug */ = {
			isa = XCBuildConfiguration;
			buildSettings = {
				ALWAYS_SEARCH_USER_PATHS = NO;
				CLANG_ANALYZER_NONNULL = YES;
				CLANG_CXX_LANGUAGE_STANDARD = "gnu++0x";
				CLANG_CXX_LIBRARY = "libc++";
				CLANG_ENABLE_MODULES = YES;
				CLANG_ENABLE_OBJC_ARC = YES;
				CLANG_WARN_BLOCK_CAPTURE_AUTORELEASING = YES;
				CLANG_WARN_BOOL_CONVERSION = YES;
				CLANG_WARN_COMMA = YES;
				CLANG_WARN_CONSTANT_CONVERSION = YES;
				CLANG_WARN_DEPRECATED_OBJC_IMPLEMENTATIONS = YES;
				CLANG_WARN_DIRECT_OBJC_ISA_USAGE = YES_ERROR;
				CLANG_WARN_DOCUMENTATION_COMMENTS = YES;
				CLANG_WARN_EMPTY_BODY = YES;
				CLANG_WARN_ENUM_CONVERSION = YES;
				CLANG_WARN_INFINITE_RECURSION = YES;
				CLANG_WARN_INT_CONVERSION = YES;
				CLANG_WARN_NON_LITERAL_NULL_CONVERSION = YES;
				CLANG_WARN_OBJC_IMPLICIT_RETAIN_SELF = YES;
				CLANG_WARN_OBJC_LITERAL_CONVERSION = YES;
				CLANG_WARN_OBJC_ROOT_CLASS = YES_ERROR;
				CLANG_WARN_RANGE_LOOP_ANALYSIS = YES;
				CLANG_WARN_STRICT_PROTOTYPES = YES;
				CLANG_WARN_SUSPICIOUS_MOVE = YES;
				CLANG_WARN_UNREACHABLE_CODE = YES;
				CLANG_WARN__DUPLICATE_METHOD_MATCH = YES;
				CODE_SIGN_IDENTITY = "iPhone Developer: henrik@gustavii.com (DESH45SM2F)";
				"CODE_SIGN_IDENTITY[sdk=iphoneos*]" = "iPhone Developer";
				COPY_PHASE_STRIP = NO;
				DEBUG_INFORMATION_FORMAT = dwarf;
				ENABLE_STRICT_OBJC_MSGSEND = YES;
				ENABLE_TESTABILITY = YES;
				GCC_C_LANGUAGE_STANDARD = gnu99;
				GCC_DYNAMIC_NO_PIC = NO;
				GCC_NO_COMMON_BLOCKS = YES;
				GCC_OPTIMIZATION_LEVEL = 0;
				GCC_PREPROCESSOR_DEFINITIONS = (
					"DEBUG=1",
					"$(inherited)",
				);
				GCC_WARN_64_TO_32_BIT_CONVERSION = YES;
				GCC_WARN_ABOUT_RETURN_TYPE = YES_ERROR;
				GCC_WARN_UNDECLARED_SELECTOR = YES;
				GCC_WARN_UNINITIALIZED_AUTOS = YES_AGGRESSIVE;
				GCC_WARN_UNUSED_FUNCTION = YES;
				GCC_WARN_UNUSED_VARIABLE = YES;
				IPHONEOS_DEPLOYMENT_TARGET = 11.0;
				MTL_ENABLE_DEBUG_INFO = YES;
				ONLY_ACTIVE_ARCH = YES;
				SDKROOT = iphoneos;
				SWIFT_ACTIVE_COMPILATION_CONDITIONS = DEBUG;
				SWIFT_OPTIMIZATION_LEVEL = "-Onone";
				TARGETED_DEVICE_FAMILY = "1,2";
			};
			name = Debug;
		};
		08453B971E1426C5001CAACB /* Release */ = {
			isa = XCBuildConfiguration;
			buildSettings = {
				ALWAYS_SEARCH_USER_PATHS = NO;
				CLANG_ANALYZER_NONNULL = YES;
				CLANG_CXX_LANGUAGE_STANDARD = "gnu++0x";
				CLANG_CXX_LIBRARY = "libc++";
				CLANG_ENABLE_MODULES = YES;
				CLANG_ENABLE_OBJC_ARC = YES;
				CLANG_WARN_BLOCK_CAPTURE_AUTORELEASING = YES;
				CLANG_WARN_BOOL_CONVERSION = YES;
				CLANG_WARN_COMMA = YES;
				CLANG_WARN_CONSTANT_CONVERSION = YES;
				CLANG_WARN_DEPRECATED_OBJC_IMPLEMENTATIONS = YES;
				CLANG_WARN_DIRECT_OBJC_ISA_USAGE = YES_ERROR;
				CLANG_WARN_DOCUMENTATION_COMMENTS = YES;
				CLANG_WARN_EMPTY_BODY = YES;
				CLANG_WARN_ENUM_CONVERSION = YES;
				CLANG_WARN_INFINITE_RECURSION = YES;
				CLANG_WARN_INT_CONVERSION = YES;
				CLANG_WARN_NON_LITERAL_NULL_CONVERSION = YES;
				CLANG_WARN_OBJC_IMPLICIT_RETAIN_SELF = YES;
				CLANG_WARN_OBJC_LITERAL_CONVERSION = YES;
				CLANG_WARN_OBJC_ROOT_CLASS = YES_ERROR;
				CLANG_WARN_RANGE_LOOP_ANALYSIS = YES;
				CLANG_WARN_STRICT_PROTOTYPES = YES;
				CLANG_WARN_SUSPICIOUS_MOVE = YES;
				CLANG_WARN_UNREACHABLE_CODE = YES;
				CLANG_WARN__DUPLICATE_METHOD_MATCH = YES;
				CODE_SIGN_IDENTITY = "iPhone Distribution: JonLuca De Caro (F35YQQ5672)";
				"CODE_SIGN_IDENTITY[sdk=iphoneos*]" = "iPhone Distribution";
				COPY_PHASE_STRIP = NO;
				DEBUG_INFORMATION_FORMAT = "dwarf-with-dsym";
				ENABLE_NS_ASSERTIONS = NO;
				ENABLE_STRICT_OBJC_MSGSEND = YES;
				GCC_C_LANGUAGE_STANDARD = gnu99;
				GCC_NO_COMMON_BLOCKS = YES;
				GCC_WARN_64_TO_32_BIT_CONVERSION = YES;
				GCC_WARN_ABOUT_RETURN_TYPE = YES_ERROR;
				GCC_WARN_UNDECLARED_SELECTOR = YES;
				GCC_WARN_UNINITIALIZED_AUTOS = YES_AGGRESSIVE;
				GCC_WARN_UNUSED_FUNCTION = YES;
				GCC_WARN_UNUSED_VARIABLE = YES;
				IPHONEOS_DEPLOYMENT_TARGET = 11.0;
				MTL_ENABLE_DEBUG_INFO = NO;
				SDKROOT = iphoneos;
				SWIFT_OPTIMIZATION_LEVEL = "-Owholemodule";
				TARGETED_DEVICE_FAMILY = "1,2";
				VALIDATE_PRODUCT = YES;
			};
			name = Release;
		};
		08453B991E1426C5001CAACB /* Debug */ = {
			isa = XCBuildConfiguration;
			baseConfigurationReference = 5380EFA9631E62426C24166D /* Pods-PasteBin.debug.xcconfig */;
			buildSettings = {
				ASSETCATALOG_COMPILER_APPICON_NAME = AppIcon;
				CODE_SIGN_IDENTITY = "iPhone Developer";
				"CODE_SIGN_IDENTITY[sdk=iphoneos*]" = "iPhone Developer";
				DEVELOPMENT_TEAM = F35YQQ5672;
				INFOPLIST_FILE = PasteBin/Info.plist;
				IPHONEOS_DEPLOYMENT_TARGET = 11.0;
				LD_RUNPATH_SEARCH_PATHS = "$(inherited) @executable_path/Frameworks";
				PRODUCT_BUNDLE_IDENTIFIER = PasteBinApp;
				PRODUCT_NAME = "$(TARGET_NAME)";
				SWIFT_VERSION = 4.2;
			};
			name = Debug;
		};
		08453B9A1E1426C5001CAACB /* Release */ = {
			isa = XCBuildConfiguration;
			baseConfigurationReference = 7D4F8CD64B66790F0F833899 /* Pods-PasteBin.release.xcconfig */;
			buildSettings = {
				ASSETCATALOG_COMPILER_APPICON_NAME = AppIcon;
				CODE_SIGN_IDENTITY = "iPhone Developer";
				"CODE_SIGN_IDENTITY[sdk=iphoneos*]" = "iPhone Developer";
				DEVELOPMENT_TEAM = F35YQQ5672;
				INFOPLIST_FILE = PasteBin/Info.plist;
				IPHONEOS_DEPLOYMENT_TARGET = 11.0;
				LD_RUNPATH_SEARCH_PATHS = "$(inherited) @executable_path/Frameworks";
				PRODUCT_BUNDLE_IDENTIFIER = PasteBinApp;
				PRODUCT_NAME = "$(TARGET_NAME)";
				SWIFT_VERSION = 4.2;
			};
			name = Release;
		};
/* End XCBuildConfiguration section */

/* Begin XCConfigurationList section */
		08453B811E1426C4001CAACB /* Build configuration list for PBXProject "PasteBin" */ = {
			isa = XCConfigurationList;
			buildConfigurations = (
				08453B961E1426C5001CAACB /* Debug */,
				08453B971E1426C5001CAACB /* Release */,
			);
			defaultConfigurationIsVisible = 0;
			defaultConfigurationName = Release;
		};
		08453B981E1426C5001CAACB /* Build configuration list for PBXNativeTarget "PasteBin" */ = {
			isa = XCConfigurationList;
			buildConfigurations = (
				08453B991E1426C5001CAACB /* Debug */,
				08453B9A1E1426C5001CAACB /* Release */,
			);
			defaultConfigurationIsVisible = 0;
			defaultConfigurationName = Release;
		};
/* End XCConfigurationList section */
	};
	rootObject = 08453B7E1E1426C4001CAACB /* Project object */;
}
